
Microsoft Visual Studio Solution File, Format Version 12.00
Project("{FAE04EC0-301F-11D3-BF4B-00C04F79EFBC}") = "Sender", "Sender\Sender.csproj", "{BC8F3F09-6FCE-4B06-8E46-4B96BCD84851}"
EndProject
Project("{FAE04EC0-301F-11D3-BF4B-00C04F79EFBC}") = "Receiver", "Receiver\Receiver.csproj", "{2E3641F2-976C-4C01-B742-0DE9EB197189}"
EndProject
Project("{FAE04EC0-301F-11D3-BF4B-00C04F79EFBC}") = "Messaging.RabbitMQ", "Messaging.RabbitMQ\Messaging.RabbitMQ.csproj", "{56E1881D-8CF3-48B0-8F8D-95D0CFA2F0C3}"
EndProject
Project("{2150E333-8FDC-42A3-9474-1A3956D46DE8}") = "Solution Items", "Solution Items", "{5F8658E3-44CB-4ACC-9B60-8FC28A157F5D}"
	ProjectSection(SolutionItems) = preProject
		docker-compose.yml = docker-compose.yml
	EndProjectSection
EndProject
Project("{FAE04EC0-301F-11D3-BF4B-00C04F79EFBC}") = "Benchmarking", "Benchmarking\Benchmarking.csproj", "{5961D295-F5B1-4A68-9F61-466967205F48}"
EndProject
Project("{FAE04EC0-301F-11D3-BF4B-00C04F79EFBC}") = "ReceiverWebApi", "ReceiverWebApi\ReceiverWebApi.csproj", "{885F5A1E-EBBC-4134-8FEE-0B1A30BB7D38}"
EndProject
Global
	GlobalSection(SolutionConfigurationPlatforms) = preSolution
		Debug|Any CPU = Debug|Any CPU
		Release|Any CPU = Release|Any CPU
	EndGlobalSection
	GlobalSection(ProjectConfigurationPlatforms) = postSolution
		{BC8F3F09-6FCE-4B06-8E46-4B96BCD84851}.Debug|Any CPU.ActiveCfg = Debug|Any CPU
		{BC8F3F09-6FCE-4B06-8E46-4B96BCD84851}.Debug|Any CPU.Build.0 = Debug|Any CPU
		{BC8F3F09-6FCE-4B06-8E46-4B96BCD84851}.Release|Any CPU.ActiveCfg = Release|Any CPU
		{BC8F3F09-6FCE-4B06-8E46-4B96BCD84851}.Release|Any CPU.Build.0 = Release|Any CPU
		{2E3641F2-976C-4C01-B742-0DE9EB197189}.Debug|Any CPU.ActiveCfg = Debug|Any CPU
		{2E3641F2-976C-4C01-B742-0DE9EB197189}.Debug|Any CPU.Build.0 = Debug|Any CPU
		{2E3641F2-976C-4C01-B742-0DE9EB197189}.Release|Any CPU.ActiveCfg = Release|Any CPU
		{2E3641F2-976C-4C01-B742-0DE9EB197189}.Release|Any CPU.Build.0 = Release|Any CPU
		{56E1881D-8CF3-48B0-8F8D-95D0CFA2F0C3}.Debug|Any CPU.ActiveCfg = Debug|Any CPU
		{56E1881D-8CF3-48B0-8F8D-95D0CFA2F0C3}.Debug|Any CPU.Build.0 = Debug|Any CPU
		{56E1881D-8CF3-48B0-8F8D-95D0CFA2F0C3}.Release|Any CPU.ActiveCfg = Release|Any CPU
		{56E1881D-8CF3-48B0-8F8D-95D0CFA2F0C3}.Release|Any CPU.Build.0 = Release|Any CPU
		{5961D295-F5B1-4A68-9F61-466967205F48}.Debug|Any CPU.ActiveCfg = Debug|Any CPU
		{5961D295-F5B1-4A68-9F61-466967205F48}.Debug|Any CPU.Build.0 = Debug|Any CPU
		{5961D295-F5B1-4A68-9F61-466967205F48}.Release|Any CPU.ActiveCfg = Release|Any CPU
		{5961D295-F5B1-4A68-9F61-466967205F48}.Release|Any CPU.Build.0 = Release|Any CPU
		{885F5A1E-EBBC-4134-8FEE-0B1A30BB7D38}.Debug|Any CPU.ActiveCfg = Debug|Any CPU
		{885F5A1E-EBBC-4134-8FEE-0B1A30BB7D38}.Debug|Any CPU.Build.0 = Debug|Any CPU
		{885F5A1E-EBBC-4134-8FEE-0B1A30BB7D38}.Release|Any CPU.ActiveCfg = Release|Any CPU
		{885F5A1E-EBBC-4134-8FEE-0B1A30BB7D38}.Release|Any CPU.Build.0 = Release|Any CPU
	EndGlobalSection
	GlobalSection(NestedProjects) = preSolution
	EndGlobalSection
EndGlobal
